
Microsoft Visual Studio Solution File, Format Version 12.00
# Visual Studio 15
VisualStudioVersion = 15.0.27130.2027
MinimumVisualStudioVersion = 10.0.40219.1
Project("{FAE04EC0-301F-11D3-BF4B-00C04F79EFBC}") = "MyShop.Core", "MyShop.Core\MyShop.Core.csproj", "{6920F2D8-8B98-4570-B0F8-BACFDC18F040}"
EndProject
Project("{FAE04EC0-301F-11D3-BF4B-00C04F79EFBC}") = "MyShop.Services", "MyShop.Services\MyShop.Services.csproj", "{4EA08CAF-61EB-4265-BC4C-BD63AC8F2F67}"
EndProject
Project("{FAE04EC0-301F-11D3-BF4B-00C04F79EFBC}") = "MyShop.DataAccess.SQL", "MyShop.DataAccess.SQL\MyShop.DataAccess.SQL.csproj", "{0C5BD425-F98C-45D3-A212-3A2C462D2BA7}"
EndProject
Project("{FAE04EC0-301F-11D3-BF4B-00C04F79EFBC}") = "MyShop.DataAccess.InMemory", "MyShop.DataAccess.InMemory\MyShop.DataAccess.InMemory.csproj", "{64BB83B4-7979-4763-837E-838F30013521}"
EndProject
Project("{FAE04EC0-301F-11D3-BF4B-00C04F79EFBC}") = "MyShop.WebUI", "MyShop.WebUI\MyShop.WebUI.csproj", "{5B80C976-274D-457B-991D-F8151F14B2FF}"
EndProject
Project("{FAE04EC0-301F-11D3-BF4B-00C04F79EFBC}") = "MyShop.WebUI.Tests", "MyShop.WebUI.Tests\MyShop.WebUI.Tests.csproj", "{21F51198-10D5-42F3-B264-DD0EC4905448}"
EndProject
Global
	GlobalSection(SolutionConfigurationPlatforms) = preSolution
		Debug|Any CPU = Debug|Any CPU
		Release|Any CPU = Release|Any CPU
	EndGlobalSection
	GlobalSection(ProjectConfigurationPlatforms) = postSolution
		{6920F2D8-8B98-4570-B0F8-BACFDC18F040}.Debug|Any CPU.ActiveCfg = Debug|Any CPU
		{6920F2D8-8B98-4570-B0F8-BACFDC18F040}.Debug|Any CPU.Build.0 = Debug|Any CPU
		{6920F2D8-8B98-4570-B0F8-BACFDC18F040}.Release|Any CPU.ActiveCfg = Release|Any CPU
		{6920F2D8-8B98-4570-B0F8-BACFDC18F040}.Release|Any CPU.Build.0 = Release|Any CPU
		{4EA08CAF-61EB-4265-BC4C-BD63AC8F2F67}.Debug|Any CPU.ActiveCfg = Debug|Any CPU
		{4EA08CAF-61EB-4265-BC4C-BD63AC8F2F67}.Debug|Any CPU.Build.0 = Debug|Any CPU
		{4EA08CAF-61EB-4265-BC4C-BD63AC8F2F67}.Release|Any CPU.ActiveCfg = Release|Any CPU
		{4EA08CAF-61EB-4265-BC4C-BD63AC8F2F67}.Release|Any CPU.Build.0 = Release|Any CPU
		{0C5BD425-F98C-45D3-A212-3A2C462D2BA7}.Debug|Any CPU.ActiveCfg = Debug|Any CPU
		{0C5BD425-F98C-45D3-A212-3A2C462D2BA7}.Debug|Any CPU.Build.0 = Debug|Any CPU
		{0C5BD425-F98C-45D3-A212-3A2C462D2BA7}.Release|Any CPU.ActiveCfg = Release|Any CPU
		{0C5BD425-F98C-45D3-A212-3A2C462D2BA7}.Release|Any CPU.Build.0 = Release|Any CPU
		{64BB83B4-7979-4763-837E-838F30013521}.Debug|Any CPU.ActiveCfg = Debug|Any CPU
		{64BB83B4-7979-4763-837E-838F30013521}.Debug|Any CPU.Build.0 = Debug|Any CPU
		{64BB83B4-7979-4763-837E-838F30013521}.Release|Any CPU.ActiveCfg = Release|Any CPU
		{64BB83B4-7979-4763-837E-838F30013521}.Release|Any CPU.Build.0 = Release|Any CPU
		{5B80C976-274D-457B-991D-F8151F14B2FF}.Debug|Any CPU.ActiveCfg = Debug|Any CPU
		{5B80C976-274D-457B-991D-F8151F14B2FF}.Debug|Any CPU.Build.0 = Debug|Any CPU
		{5B80C976-274D-457B-991D-F8151F14B2FF}.Release|Any CPU.ActiveCfg = Release|Any CPU
		{5B80C976-274D-457B-991D-F8151F14B2FF}.Release|Any CPU.Build.0 = Release|Any CPU
		{21F51198-10D5-42F3-B264-DD0EC4905448}.Debug|Any CPU.ActiveCfg = Debug|Any CPU
		{21F51198-10D5-42F3-B264-DD0EC4905448}.Debug|Any CPU.Build.0 = Debug|Any CPU
		{21F51198-10D5-42F3-B264-DD0EC4905448}.Release|Any CPU.ActiveCfg = Release|Any CPU
		{21F51198-10D5-42F3-B264-DD0EC4905448}.Release|Any CPU.Build.0 = Release|Any CPU
	EndGlobalSection
	GlobalSection(SolutionProperties) = preSolution
		HideSolutionNode = FALSE
	EndGlobalSection
	GlobalSection(ExtensibilityGlobals) = postSolution
		SolutionGuid = {A21382C9-6DED-488F-A45C-960048AEC241}
	EndGlobalSection
EndGlobal
